
Microsoft Visual Studio Solution File, Format Version 12.00
# Visual Studio Version 17
VisualStudioVersion = 17.5.002.0
MinimumVisualStudioVersion = 10.0.40219.1
Project("{9A19103F-16F7-4668-BE54-9A1E7A4F7556}") = "TiendaRopa", "TiendaRopa.csproj", "{1538DC19-ECC8-4E03-9AF3-9980D8C50501}"
EndProject
Global
	GlobalSection(SolutionConfigurationPlatforms) = preSolution
		Debug|Any CPU = Debug|Any CPU
		Release|Any CPU = Release|Any CPU
	EndGlobalSection
	GlobalSection(ProjectConfigurationPlatforms) = postSolution
		{1538DC19-ECC8-4E03-9AF3-9980D8C50501}.Debug|Any CPU.ActiveCfg = Debug|Any CPU
		{1538DC19-ECC8-4E03-9AF3-9980D8C50501}.Debug|Any CPU.Build.0 = Debug|Any CPU
		{1538DC19-ECC8-4E03-9AF3-9980D8C50501}.Release|Any CPU.ActiveCfg = Release|Any CPU
		{1538DC19-ECC8-4E03-9AF3-9980D8C50501}.Release|Any CPU.Build.0 = Release|Any CPU
	EndGlobalSection
	GlobalSection(SolutionProperties) = preSolution
		HideSolutionNode = FALSE
	EndGlobalSection
	GlobalSection(ExtensibilityGlobals) = postSolution
		SolutionGuid = {EBBEED5B-EFE1-414E-B9BF-87462865B873}
	EndGlobalSection
EndGlobal
